// !$*UTF8*$!
{
	archiveVersion = 1;
	classes = {
	};
	objectVersion = 50;
	objects = {

/* Begin PBXBuildFile section */
		F2A5979326A596DF003E195B /* AppDelegate.swift in Sources */ = {isa = PBXBuildFile; fileRef = F2A5979226A596DF003E195B /* AppDelegate.swift */; };
		F2A5979526A596DF003E195B /* SceneDelegate.swift in Sources */ = {isa = PBXBuildFile; fileRef = F2A5979426A596DF003E195B /* SceneDelegate.swift */; };
		F2A5979726A596DF003E195B /* ViewController.swift in Sources */ = {isa = PBXBuildFile; fileRef = F2A5979626A596DF003E195B /* ViewController.swift */; };
		F2A5979A26A596DF003E195B /* Main.storyboard in Resources */ = {isa = PBXBuildFile; fileRef = F2A5979826A596DF003E195B /* Main.storyboard */; };
		F2A5979C26A596E6003E195B /* Assets.xcassets in Resources */ = {isa = PBXBuildFile; fileRef = F2A5979B26A596E6003E195B /* Assets.xcassets */; };
		F2A5979F26A596E6003E195B /* LaunchScreen.storyboard in Resources */ = {isa = PBXBuildFile; fileRef = F2A5979D26A596E6003E195B /* LaunchScreen.storyboard */; };
		F2A597A926A59966003E195B /* Sub.storyboard in Resources */ = {isa = PBXBuildFile; fileRef = F2A597A726A59966003E195B /* Sub.storyboard */; };
		F2A597AD26A59C71003E195B /* Third.storyboard in Resources */ = {isa = PBXBuildFile; fileRef = F2A597AC26A59C71003E195B /* Third.storyboard */; };
/* End PBXBuildFile section */

/* Begin PBXFileReference section */
		F2A5978F26A596DF003E195B /* FirstStoryboard.app */ = {isa = PBXFileReference; explicitFileType = wrapper.application; includeInIndex = 0; path = FirstStoryboard.app; sourceTree = BUILT_PRODUCTS_DIR; };
		F2A5979226A596DF003E195B /* AppDelegate.swift */ = {isa = PBXFileReference; lastKnownFileType = sourcecode.swift; path = AppDelegate.swift; sourceTree = "<group>"; };
		F2A5979426A596DF003E195B /* SceneDelegate.swift */ = {isa = PBXFileReference; lastKnownFileType = sourcecode.swift; path = SceneDelegate.swift; sourceTree = "<group>"; };
		F2A5979626A596DF003E195B /* ViewController.swift */ = {isa = PBXFileReference; lastKnownFileType = sourcecode.swift; path = ViewController.swift; sourceTree = "<group>"; };
		F2A5979926A596DF003E195B /* Base */ = {isa = PBXFileReference; lastKnownFileType = file.storyboard; name = Base; path = Base.lproj/Main.storyboard; sourceTree = "<group>"; };
		F2A5979B26A596E6003E195B /* Assets.xcassets */ = {isa = PBXFileReference; lastKnownFileType = folder.assetcatalog; path = Assets.xcassets; sourceTree = "<group>"; };
		F2A5979E26A596E6003E195B /* Base */ = {isa = PBXFileReference; lastKnownFileType = file.storyboard; name = Base; path = Base.lproj/LaunchScreen.storyboard; sourceTree = "<group>"; };
		F2A597A026A596E6003E195B /* Info.plist */ = {isa = PBXFileReference; lastKnownFileType = text.plist.xml; path = Info.plist; sourceTree = "<group>"; };
		F2A597A826A59966003E195B /* Base */ = {isa = PBXFileReference; lastKnownFileType = file.storyboard; name = Base; path = Base.lproj/Sub.storyboard; sourceTree = "<group>"; };
		F2A597AC26A59C71003E195B /* Third.storyboard */ = {isa = PBXFileReference; lastKnownFileType = file.storyboard; path = Third.storyboard; sourceTree = "<group>"; };
/* End PBXFileReference section */

/* Begin PBXFrameworksBuildPhase section */
		F2A5978C26A596DF003E195B /* Frameworks */ = {
			isa = PBXFrameworksBuildPhase;
			buildActionMask = 2147483647;
			files = (
			);
			runOnlyForDeploymentPostprocessing = 0;
		};
/* End PBXFrameworksBuildPhase section */

/* Begin PBXGroup section */
		F2A5978626A596DF003E195B = {
			isa = PBXGroup;
			children = (
				F2A5979126A596DF003E195B /* FirstStoryboard */,
				F2A5979026A596DF003E195B /* Products */,
			);
			sourceTree = "<group>";
		};
		F2A5979026A596DF003E195B /* Products */ = {
			isa = PBXGroup;
			children = (
				F2A5978F26A596DF003E195B /* FirstStoryboard.app */,
			);
			name = Products;
			sourceTree = "<group>";
		};
		F2A5979126A596DF003E195B /* FirstStoryboard */ = {
			isa = PBXGroup;
			children = (
				F2A597A726A59966003E195B /* Sub.storyboard */,
				F2A5979226A596DF003E195B /* AppDelegate.swift */,
				F2A5979426A596DF003E195B /* SceneDelegate.swift */,
				F2A5979626A596DF003E195B /* ViewController.swift */,
				F2A5979826A596DF003E195B /* Main.storyboard */,
				F2A5979B26A596E6003E195B /* Assets.xcassets */,
				F2A5979D26A596E6003E195B /* LaunchScreen.storyboard */,
				F2A597A026A596E6003E195B /* Info.plist */,
				F2A597AC26A59C71003E195B /* Third.storyboard */,
			);
			path = FirstStoryboard;
			sourceTree = "<group>";
		};
/* End PBXGroup section */

/* Begin PBXNativeTarget section */
		F2A5978E26A596DF003E195B /* FirstStoryboard */ = {
			isa = PBXNativeTarget;
			buildConfigurationList = F2A597A326A596E6003E195B /* Build configuration list for PBXNativeTarget "FirstStoryboard" */;
			buildPhases = (
				F2A5978B26A596DF003E195B /* Sources */,
				F2A5978C26A596DF003E195B /* Frameworks */,
				F2A5978D26A596DF003E195B /* Resources */,
			);
			buildRules = (
			);
			dependencies = (
			);
			name = FirstStoryboard;
			productName = FirstStoryboard;
			productReference = F2A5978F26A596DF003E195B /* FirstStoryboard.app */;
			productType = "com.apple.product-type.application";
		};
/* End PBXNativeTarget section */

/* Begin PBXProject section */
		F2A5978726A596DF003E195B /* Project object */ = {
			isa = PBXProject;
			attributes = {
				LastSwiftUpdateCheck = 1240;
				LastUpgradeCheck = 1240;
				TargetAttributes = {
					F2A5978E26A596DF003E195B = {
						CreatedOnToolsVersion = 12.4;
					};
				};
			};
			buildConfigurationList = F2A5978A26A596DF003E195B /* Build configuration list for PBXProject "FirstStoryboard" */;
			compatibilityVersion = "Xcode 9.3";
			developmentRegion = en;
			hasScannedForEncodings = 0;
			knownRegions = (
				en,
				Base,
			);
			mainGroup = F2A5978626A596DF003E195B;
			productRefGroup = F2A5979026A596DF003E195B /* Products */;
			projectDirPath = "";
			projectRoot = "";
			targets = (
				F2A5978E26A596DF003E195B /* FirstStoryboard */,
			);
		};
/* End PBXProject section */

/* Begin PBXResourcesBuildPhase section */
		F2A5978D26A596DF003E195B /* Resources */ = {
			isa = PBXResourcesBuildPhase;
			buildActionMask = 2147483647;
			files = (
				F2A5979F26A596E6003E195B /* LaunchScreen.storyboard in Resources */,
				F2A5979C26A596E6003E195B /* Assets.xcassets in Resources */,
				F2A5979A26A596DF003E195B /* Main.storyboard in Resources */,
				F2A597A926A59966003E195B /* Sub.storyboard in Resources */,
				F2A597AD26A59C71003E195B /* Third.storyboard in Resources */,
			);
			runOnlyForDeploymentPostprocessing = 0;
		};
/* End PBXResourcesBuildPhase section */

/* Begin PBXSourcesBuildPhase section */
		F2A5978B26A596DF003E195B /* Sources */ = {
			isa = PBXSourcesBuildPhase;
			buildActionMask = 2147483647;
			files = (
				F2A5979726A596DF003E195B /* ViewController.swift in Sources */,
				F2A5979326A596DF003E195B /* AppDelegate.swift in Sources */,
				F2A5979526A596DF003E195B /* SceneDelegate.swift in Sources */,
			);
			runOnlyForDeploymentPostprocessing = 0;
		};
/* End PBXSourcesBuildPhase section */

/* Begin PBXVariantGroup section */
		F2A5979826A596DF003E195B /* Main.storyboard */ = {
			isa = PBXVariantGroup;
			children = (
				F2A5979926A596DF003E195B /* Base */,
			);
			name = Main.storyboard;
			sourceTree = "<group>";
		};
		F2A5979D26A596E6003E195B /* LaunchScreen.storyboard */ = {
			isa = PBXVariantGroup;
			children = (
				F2A5979E26A596E6003E195B /* Base */,
			);
			name = LaunchScreen.storyboard;
			sourceTree = "<group>";
		};
		F2A597A726A59966003E195B /* Sub.storyboard */ = {
			isa = PBXVariantGroup;
			children = (
				F2A597A826A59966003E195B /* Base */,
			);
			name = Sub.storyboard;
			sourceTree = "<group>";
		};
/* End PBXVariantGroup section */

/* Begin XCBuildConfiguration section */
		F2A597A126A596E6003E195B /* Debug */ = {
			isa = XCBuildConfiguration;
			buildSettings = {
				ALWAYS_SEARCH_USER_PATHS = NO;
				CLANG_ANALYZER_NONNULL = YES;
				CLANG_ANALYZER_NUMBER_OBJECT_CONVERSION = YES_AGGRESSIVE;
				CLANG_CXX_LANGUAGE_STANDARD = "gnu++14";
				CLANG_CXX_LIBRARY = "libc++";
				CLANG_ENABLE_MODULES = YES;
				CLANG_ENABLE_OBJC_ARC = YES;
				CLANG_ENABLE_OBJC_WEAK = YES;
				CLANG_WARN_BLOCK_CAPTURE_AUTORELEASING = YES;
				CLANG_WARN_BOOL_CONVERSION = YES;
				CLANG_WARN_COMMA = YES;
				CLANG_WARN_CONSTANT_CONVERSION = YES;
				CLANG_WARN_DEPRECATED_OBJC_IMPLEMENTATIONS = YES;
				CLANG_WARN_DIRECT_OBJC_ISA_USAGE = YES_ERROR;
				CLANG_WARN_DOCUMENTATION_COMMENTS = YES;
				CLANG_WARN_EMPTY_BODY = YES;
				CLANG_WARN_ENUM_CONVERSION = YES;
				CLANG_WARN_INFINITE_RECURSION = YES;
				CLANG_WARN_INT_CONVERSION = YES;
				CLANG_WARN_NON_LITERAL_NULL_CONVERSION = YES;
				CLANG_WARN_OBJC_IMPLICIT_RETAIN_SELF = YES;
				CLANG_WARN_OBJC_LITERAL_CONVERSION = YES;
				CLANG_WARN_OBJC_ROOT_CLASS = YES_ERROR;
				CLANG_WARN_QUOTED_INCLUDE_IN_FRAMEWORK_HEADER = YES;
				CLANG_WARN_RANGE_LOOP_ANALYSIS = YES;
				CLANG_WARN_STRICT_PROTOTYPES = YES;
				CLANG_WARN_SUSPICIOUS_MOVE = YES;
				CLANG_WARN_UNGUARDED_AVAILABILITY = YES_AGGRESSIVE;
				CLANG_WARN_UNREACHABLE_CODE = YES;
				CLANG_WARN__DUPLICATE_METHOD_MATCH = YES;
				COPY_PHASE_STRIP = NO;
				DEBUG_INFORMATION_FORMAT = dwarf;
				ENABLE_STRICT_OBJC_MSGSEND = YES;
				ENABLE_TESTABILITY = YES;
				GCC_C_LANGUAGE_STANDARD = gnu11;
				GCC_DYNAMIC_NO_PIC = NO;
				GCC_NO_COMMON_BLOCKS = YES;
				GCC_OPTIMIZATION_LEVEL = 0;
				GCC_PREPROCESSOR_DEFINITIONS = (
					"DEBUG=1",
					"$(inherited)",
				);
				GCC_WARN_64_TO_32_BIT_CONVERSION = YES;
				GCC_WARN_ABOUT_RETURN_TYPE = YES_ERROR;
				GCC_WARN_UNDECLARED_SELECTOR = YES;
				GCC_WARN_UNINITIALIZED_AUTOS = YES_AGGRESSIVE;
				GCC_WARN_UNUSED_FUNCTION = YES;
				GCC_WARN_UNUSED_VARIABLE = YES;
				IPHONEOS_DEPLOYMENT_TARGET = 14.4;
				MTL_ENABLE_DEBUG_INFO = INCLUDE_SOURCE;
				MTL_FAST_MATH = YES;
				ONLY_ACTIVE_ARCH = YES;
				SDKROOT = iphoneos;
				SWIFT_ACTIVE_COMPILATION_CONDITIONS = DEBUG;
				SWIFT_OPTIMIZATION_LEVEL = "-Onone";
			};
			name = Debug;
		};
		F2A597A226A596E6003E195B /* Release */ = {
			isa = XCBuildConfiguration;
			buildSettings = {
				ALWAYS_SEARCH_USER_PATHS = NO;
				CLANG_ANALYZER_NONNULL = YES;
				CLANG_ANALYZER_NUMBER_OBJECT_CONVERSION = YES_AGGRESSIVE;
				CLANG_CXX_LANGUAGE_STANDARD = "gnu++14";
				CLANG_CXX_LIBRARY = "libc++";
				CLANG_ENABLE_MODULES = YES;
				CLANG_ENABLE_OBJC_ARC = YES;
				CLANG_ENABLE_OBJC_WEAK = YES;
				CLANG_WARN_BLOCK_CAPTURE_AUTORELEASING = YES;
				CLANG_WARN_BOOL_CONVERSION = YES;
				CLANG_WARN_COMMA = YES;
				CLANG_WARN_CONSTANT_CONVERSION = YES;
				CLANG_WARN_DEPRECATED_OBJC_IMPLEMENTATIONS = YES;
				CLANG_WARN_DIRECT_OBJC_ISA_USAGE = YES_ERROR;
				CLANG_WARN_DOCUMENTATION_COMMENTS = YES;
				CLANG_WARN_EMPTY_BODY = YES;
				CLANG_WARN_ENUM_CONVERSION = YES;
				CLANG_WARN_INFINITE_RECURSION = YES;
				CLANG_WARN_INT_CONVERSION = YES;
				CLANG_WARN_NON_LITERAL_NULL_CONVERSION = YES;
				CLANG_WARN_OBJC_IMPLICIT_RETAIN_SELF = YES;
				CLANG_WARN_OBJC_LITERAL_CONVERSION = YES;
				CLANG_WARN_OBJC_ROOT_CLASS = YES_ERROR;
				CLANG_WARN_QUOTED_INCLUDE_IN_FRAMEWORK_HEADER = YES;
				CLANG_WARN_RANGE_LOOP_ANALYSIS = YES;
				CLANG_WARN_STRICT_PROTOTYPES = YES;
				CLANG_WARN_SUSPICIOUS_MOVE = YES;
				CLANG_WARN_UNGUARDED_AVAILABILITY = YES_AGGRESSIVE;
				CLANG_WARN_UNREACHABLE_CODE = YES;
				CLANG_WARN__DUPLICATE_METHOD_MATCH = YES;
				COPY_PHASE_STRIP = NO;
				DEBUG_INFORMATION_FORMAT = "dwarf-with-dsym";
				ENABLE_NS_ASSERTIONS = NO;
				ENABLE_STRICT_OBJC_MSGSEND = YES;
				GCC_C_LANGUAGE_STANDARD = gnu11;
				GCC_NO_COMMON_BLOCKS = YES;
				GCC_WARN_64_TO_32_BIT_CONVERSION = YES;
				GCC_WARN_ABOUT_RETURN_TYPE = YES_ERROR;
				GCC_WARN_UNDECLARED_SELECTOR = YES;
				GCC_WARN_UNINITIALIZED_AUTOS = YES_AGGRESSIVE;
				GCC_WARN_UNUSED_FUNCTION = YES;
				GCC_WARN_UNUSED_VARIABLE = YES;
				IPHONEOS_DEPLOYMENT_TARGET = 14.4;
				MTL_ENABLE_DEBUG_INFO = NO;
				MTL_FAST_MATH = YES;
				SDKROOT = iphoneos;
				SWIFT_COMPILATION_MODE = wholemodule;
				SWIFT_OPTIMIZATION_LEVEL = "-O";
				VALIDATE_PRODUCT = YES;
			};
			name = Release;
		};
		F2A597A426A596E6003E195B /* Debug */ = {
			isa = XCBuildConfiguration;
			buildSettings = {
				ASSETCATALOG_COMPILER_APPICON_NAME = AppIcon;
				ASSETCATALOG_COMPILER_GLOBAL_ACCENT_COLOR_NAME = AccentColor;
				CODE_SIGN_STYLE = Automatic;
				DEVELOPMENT_TEAM = TMK4224JM6;
				INFOPLIST_FILE = FirstStoryboard/Info.plist;
				LD_RUNPATH_SEARCH_PATHS = (
					"$(inherited)",
					"@executable_path/Frameworks",
				);
				PRODUCT_BUNDLE_IDENTIFIER = com.xnow.FirstStoryboard;
				PRODUCT_NAME = "$(TARGET_NAME)";
				SWIFT_VERSION = 5.0;
				TARGETED_DEVICE_FAMILY = "1,2";
			};
			name = Debug;
		};
		F2A597A526A596E6003E195B /* Release */ = {
			isa = XCBuildConfiguration;
			buildSettings = {
				ASSETCATALOG_COMPILER_APPICON_NAME = AppIcon;
				ASSETCATALOG_COMPILER_GLOBAL_ACCENT_COLOR_NAME = AccentColor;
				CODE_SIGN_STYLE = Automatic;
				DEVELOPMENT_TEAM = TMK4224JM6;
				INFOPLIST_FILE = FirstStoryboard/Info.plist;
				LD_RUNPATH_SEARCH_PATHS = (
					"$(inherited)",
					"@executable_path/Frameworks",
				);
				PRODUCT_BUNDLE_IDENTIFIER = com.xnow.FirstStoryboard;
				PRODUCT_NAME = "$(TARGET_NAME)";
				SWIFT_VERSION = 5.0;
				TARGETED_DEVICE_FAMILY = "1,2";
			};
			name = Release;
		};
/* End XCBuildConfiguration section */

/* Begin XCConfigurationList section */
		F2A5978A26A596DF003E195B /* Build configuration list for PBXProject "FirstStoryboard" */ = {
			isa = XCConfigurationList;
			buildConfigurations = (
				F2A597A126A596E6003E195B /* Debug */,
				F2A597A226A596E6003E195B /* Release */,
			);
			defaultConfigurationIsVisible = 0;
			defaultConfigurationName = Release;
		};
		F2A597A326A596E6003E195B /* Build configuration list for PBXNativeTarget "FirstStoryboard" */ = {
			isa = XCConfigurationList;
			buildConfigurations = (
				F2A597A426A596E6003E195B /* Debug */,
				F2A597A526A596E6003E195B /* Release */,
			);
			defaultConfigurationIsVisible = 0;
			defaultConfigurationName = Release;
		};
/* End XCConfigurationList section */
	};
	rootObject = F2A5978726A596DF003E195B /* Project object */;
}
